
Microsoft Visual Studio Solution File, Format Version 12.00
# Visual Studio Version 16
VisualStudioVersion = 16.0.31729.503
MinimumVisualStudioVersion = 10.0.40219.1
Project("{FAE04EC0-301F-11D3-BF4B-00C04F79EFBC}") = "CRUD_APP_MVC_Dapper", "CRUD_APP_MVC_Dapper\CRUD_APP_MVC_Dapper.csproj", "{9A540A35-E5A1-40B1-9C26-28D7522C761E}"
EndProject
Global
	GlobalSection(SolutionConfigurationPlatforms) = preSolution
		Debug|Any CPU = Debug|Any CPU
		Release|Any CPU = Release|Any CPU
	EndGlobalSection
	GlobalSection(ProjectConfigurationPlatforms) = postSolution
		{9A540A35-E5A1-40B1-9C26-28D7522C761E}.Debug|Any CPU.ActiveCfg = Debug|Any CPU
		{9A540A35-E5A1-40B1-9C26-28D7522C761E}.Debug|Any CPU.Build.0 = Debug|Any CPU
		{9A540A35-E5A1-40B1-9C26-28D7522C761E}.Release|Any CPU.ActiveCfg = Release|Any CPU
		{9A540A35-E5A1-40B1-9C26-28D7522C761E}.Release|Any CPU.Build.0 = Release|Any CPU
	EndGlobalSection
	GlobalSection(SolutionProperties) = preSolution
		HideSolutionNode = FALSE
	EndGlobalSection
	GlobalSection(ExtensibilityGlobals) = postSolution
		SolutionGuid = {DF5C037A-00C6-46B7-87D0-D70C84088DAC}
	EndGlobalSection
EndGlobal
